PODS:
  - GetLaid (3.0.3)
  - PureLayout (3.1.5)

DEPENDENCIES:
  - GetLaid (from `../../`)
  - PureLayout

SPEC REPOS:
  trunk:
    - PureLayout

EXTERNAL SOURCES:
  GetLaid:
    :path: "../../"

SPEC CHECKSUMS:
  GetLaid: 748a46cdb69828d1930536c587f05364fe21678c
  PureLayout: 9b4ad47b2f0388c84ff534af23d96e720c1b875a

PODFILE CHECKSUM: 5fccae04235164ce2216c18d15473a2d2c40a289

COCOAPODS: 1.8.4
