// !$*UTF8*$!
{
	archiveVersion = 1;
	classes = {
	};
	objectVersion = 50;
	objects = {

/* Begin PBXBuildFile section */
		755ABA405502400448B0A987 /* Pods_GetLaidDevIOS.framework in Frameworks */ = {isa = PBXBuildFile; fileRef = C5A7E3CA7E54FF1216060B4A /* Pods_GetLaidDevIOS.framework */; };
		9674BCC423C14459002B5FB5 /* AppDelegate.swift in Sources */ = {isa = PBXBuildFile; fileRef = 9674BCC323C14459002B5FB5 /* AppDelegate.swift */; };
		9674BCC623C14459002B5FB5 /* SceneDelegate.swift in Sources */ = {isa = PBXBuildFile; fileRef = 9674BCC523C14459002B5FB5 /* SceneDelegate.swift */; };
		9674BCC823C14459002B5FB5 /* ViewController.swift in Sources */ = {isa = PBXBuildFile; fileRef = 9674BCC723C14459002B5FB5 /* ViewController.swift */; };
		9674BCCB23C14459002B5FB5 /* Main.storyboard in Resources */ = {isa = PBXBuildFile; fileRef = 9674BCC923C14459002B5FB5 /* Main.storyboard */; };
		9674BCCD23C1445A002B5FB5 /* Assets.xcassets in Resources */ = {isa = PBXBuildFile; fileRef = 9674BCCC23C1445A002B5FB5 /* Assets.xcassets */; };
		9674BCD023C1445A002B5FB5 /* LaunchScreen.storyboard in Resources */ = {isa = PBXBuildFile; fileRef = 9674BCCE23C1445A002B5FB5 /* LaunchScreen.storyboard */; };
/* End PBXBuildFile section */

/* Begin PBXFileReference section */
		91700A1132A64F966ABEC114 /* Pods-GetLaidDevIOS.debug.xcconfig */ = {isa = PBXFileReference; includeInIndex = 1; lastKnownFileType = text.xcconfig; name = "Pods-GetLaidDevIOS.debug.xcconfig"; path = "Target Support Files/Pods-GetLaidDevIOS/Pods-GetLaidDevIOS.debug.xcconfig"; sourceTree = "<group>"; };
		9674BCC023C14459002B5FB5 /* GetLaidDevIOS.app */ = {isa = PBXFileReference; explicitFileType = wrapper.application; includeInIndex = 0; path = GetLaidDevIOS.app; sourceTree = BUILT_PRODUCTS_DIR; };
		9674BCC323C14459002B5FB5 /* AppDelegate.swift */ = {isa = PBXFileReference; lastKnownFileType = sourcecode.swift; path = AppDelegate.swift; sourceTree = "<group>"; };
		9674BCC523C14459002B5FB5 /* SceneDelegate.swift */ = {isa = PBXFileReference; lastKnownFileType = sourcecode.swift; path = SceneDelegate.swift; sourceTree = "<group>"; };
		9674BCC723C14459002B5FB5 /* ViewController.swift */ = {isa = PBXFileReference; lastKnownFileType = sourcecode.swift; path = ViewController.swift; sourceTree = "<group>"; };
		9674BCCA23C14459002B5FB5 /* Base */ = {isa = PBXFileReference; lastKnownFileType = file.storyboard; name = Base; path = Base.lproj/Main.storyboard; sourceTree = "<group>"; };
		9674BCCC23C1445A002B5FB5 /* Assets.xcassets */ = {isa = PBXFileReference; lastKnownFileType = folder.assetcatalog; path = Assets.xcassets; sourceTree = "<group>"; };
		9674BCCF23C1445A002B5FB5 /* Base */ = {isa = PBXFileReference; lastKnownFileType = file.storyboard; name = Base; path = Base.lproj/LaunchScreen.storyboard; sourceTree = "<group>"; };
		9674BCD123C1445A002B5FB5 /* Info.plist */ = {isa = PBXFileReference; lastKnownFileType = text.plist.xml; path = Info.plist; sourceTree = "<group>"; };
		C5A7E3CA7E54FF1216060B4A /* Pods_GetLaidDevIOS.framework */ = {isa = PBXFileReference; explicitFileType = wrapper.framework; includeInIndex = 0; path = Pods_GetLaidDevIOS.framework; sourceTree = BUILT_PRODUCTS_DIR; };
		E24E3A76201650032B0F5114 /* Pods-GetLaidDevIOS.release.xcconfig */ = {isa = PBXFileReference; includeInIndex = 1; lastKnownFileType = text.xcconfig; name = "Pods-GetLaidDevIOS.release.xcconfig"; path = "Target Support Files/Pods-GetLaidDevIOS/Pods-GetLaidDevIOS.release.xcconfig"; sourceTree = "<group>"; };
/* End PBXFileReference section */

/* Begin PBXFrameworksBuildPhase section */
		9674BCBD23C14459002B5FB5 /* Frameworks */ = {
			isa = PBXFrameworksBuildPhase;
			buildActionMask = 2147483647;
			files = (
				755ABA405502400448B0A987 /* Pods_GetLaidDevIOS.framework in Frameworks */,
			);
			runOnlyForDeploymentPostprocessing = 0;
		};
/* End PBXFrameworksBuildPhase section */

/* Begin PBXGroup section */
		7375DBAFE8EB14BFFA902DD1 /* Pods */ = {
			isa = PBXGroup;
			children = (
				91700A1132A64F966ABEC114 /* Pods-GetLaidDevIOS.debug.xcconfig */,
				E24E3A76201650032B0F5114 /* Pods-GetLaidDevIOS.release.xcconfig */,
			);
			name = Pods;
			path = Pods;
			sourceTree = "<group>";
		};
		9674BCB723C14459002B5FB5 = {
			isa = PBXGroup;
			children = (
				9674BCC223C14459002B5FB5 /* GetLaidDevIOS */,
				9674BCC123C14459002B5FB5 /* Products */,
				7375DBAFE8EB14BFFA902DD1 /* Pods */,
				E018945EB543AF1C02609ADC /* Frameworks */,
			);
			sourceTree = "<group>";
		};
		9674BCC123C14459002B5FB5 /* Products */ = {
			isa = PBXGroup;
			children = (
				9674BCC023C14459002B5FB5 /* GetLaidDevIOS.app */,
			);
			name = Products;
			sourceTree = "<group>";
		};
		9674BCC223C14459002B5FB5 /* GetLaidDevIOS */ = {
			isa = PBXGroup;
			children = (
				9674BCC923C14459002B5FB5 /* Main.storyboard */,
				9674BCC323C14459002B5FB5 /* AppDelegate.swift */,
				9674BCC523C14459002B5FB5 /* SceneDelegate.swift */,
				9674BCC723C14459002B5FB5 /* ViewController.swift */,
				9674BCCC23C1445A002B5FB5 /* Assets.xcassets */,
				9674BCCE23C1445A002B5FB5 /* LaunchScreen.storyboard */,
				9674BCD123C1445A002B5FB5 /* Info.plist */,
			);
			path = GetLaidDevIOS;
			sourceTree = "<group>";
		};
		E018945EB543AF1C02609ADC /* Frameworks */ = {
			isa = PBXGroup;
			children = (
				C5A7E3CA7E54FF1216060B4A /* Pods_GetLaidDevIOS.framework */,
			);
			name = Frameworks;
			sourceTree = "<group>";
		};
/* End PBXGroup section */

/* Begin PBXNativeTarget section */
		9674BCBF23C14459002B5FB5 /* GetLaidDevIOS */ = {
			isa = PBXNativeTarget;
			buildConfigurationList = 9674BCD423C1445A002B5FB5 /* Build configuration list for PBXNativeTarget "GetLaidDevIOS" */;
			buildPhases = (
				5393642E31D5C6DB9CF4E4A8 /* [CP] Check Pods Manifest.lock */,
				9674BCBC23C14459002B5FB5 /* Sources */,
				9674BCBD23C14459002B5FB5 /* Frameworks */,
				9674BCBE23C14459002B5FB5 /* Resources */,
				54507C9FCC85EECE740E2BBA /* [CP] Embed Pods Frameworks */,
			);
			buildRules = (
			);
			dependencies = (
			);
			name = GetLaidDevIOS;
			productName = GetLaidDevIOS;
			productReference = 9674BCC023C14459002B5FB5 /* GetLaidDevIOS.app */;
			productType = "com.apple.product-type.application";
		};
/* End PBXNativeTarget section */

/* Begin PBXProject section */
		9674BCB823C14459002B5FB5 /* Project object */ = {
			isa = PBXProject;
			attributes = {
				LastSwiftUpdateCheck = 1130;
				LastUpgradeCheck = 1130;
				ORGANIZATIONNAME = flowtoolz;
				TargetAttributes = {
					9674BCBF23C14459002B5FB5 = {
						CreatedOnToolsVersion = 11.3;
					};
				};
			};
			buildConfigurationList = 9674BCBB23C14459002B5FB5 /* Build configuration list for PBXProject "GetLaidDevIOS" */;
			compatibilityVersion = "Xcode 9.3";
			developmentRegion = en;
			hasScannedForEncodings = 0;
			knownRegions = (
				en,
				Base,
			);
			mainGroup = 9674BCB723C14459002B5FB5;
			productRefGroup = 9674BCC123C14459002B5FB5 /* Products */;
			projectDirPath = "";
			projectRoot = "";
			targets = (
				9674BCBF23C14459002B5FB5 /* GetLaidDevIOS */,
			);
		};
/* End PBXProject section */

/* Begin PBXResourcesBuildPhase section */
		9674BCBE23C14459002B5FB5 /* Resources */ = {
			isa = PBXResourcesBuildPhase;
			buildActionMask = 2147483647;
			files = (
				9674BCD023C1445A002B5FB5 /* LaunchScreen.storyboard in Resources */,
				9674BCCD23C1445A002B5FB5 /* Assets.xcassets in Resources */,
				9674BCCB23C14459002B5FB5 /* Main.storyboard in Resources */,
			);
			runOnlyForDeploymentPostprocessing = 0;
		};
/* End PBXResourcesBuildPhase section */

/* Begin PBXShellScriptBuildPhase section */
		5393642E31D5C6DB9CF4E4A8 /* [CP] Check Pods Manifest.lock */ = {
			isa = PBXShellScriptBuildPhase;
			buildActionMask = 2147483647;
			files = (
			);
			inputFileListPaths = (
			);
			inputPaths = (
				"${PODS_PODFILE_DIR_PATH}/Podfile.lock",
				"${PODS_ROOT}/Manifest.lock",
			);
			name = "[CP] Check Pods Manifest.lock";
			outputFileListPaths = (
			);
			outputPaths = (
				"$(DERIVED_FILE_DIR)/Pods-GetLaidDevIOS-checkManifestLockResult.txt",
			);
			runOnlyForDeploymentPostprocessing = 0;
			shellPath = /bin/sh;
			shellScript = "diff \"${PODS_PODFILE_DIR_PATH}/Podfile.lock\" \"${PODS_ROOT}/Manifest.lock\" > /dev/null\nif [ $? != 0 ] ; then\n    # print error to STDERR\n    echo \"error: The sandbox is not in sync with the Podfile.lock. Run 'pod install' or update your CocoaPods installation.\" >&2\n    exit 1\nfi\n# This output is used by Xcode 'outputs' to avoid re-running this script phase.\necho \"SUCCESS\" > \"${SCRIPT_OUTPUT_FILE_0}\"\n";
			showEnvVarsInLog = 0;
		};
		54507C9FCC85EECE740E2BBA /* [CP] Embed Pods Frameworks */ = {
			isa = PBXShellScriptBuildPhase;
			buildActionMask = 2147483647;
			files = (
			);
			inputFileListPaths = (
				"${PODS_ROOT}/Target Support Files/Pods-GetLaidDevIOS/Pods-GetLaidDevIOS-frameworks-${CONFIGURATION}-input-files.xcfilelist",
			);
			name = "[CP] Embed Pods Frameworks";
			outputFileListPaths = (
				"${PODS_ROOT}/Target Support Files/Pods-GetLaidDevIOS/Pods-GetLaidDevIOS-frameworks-${CONFIGURATION}-output-files.xcfilelist",
			);
			runOnlyForDeploymentPostprocessing = 0;
			shellPath = /bin/sh;
			shellScript = "\"${PODS_ROOT}/Target Support Files/Pods-GetLaidDevIOS/Pods-GetLaidDevIOS-frameworks.sh\"\n";
			showEnvVarsInLog = 0;
		};
/* End PBXShellScriptBuildPhase section */

/* Begin PBXSourcesBuildPhase section */
		9674BCBC23C14459002B5FB5 /* Sources */ = {
			isa = PBXSourcesBuildPhase;
			buildActionMask = 2147483647;
			files = (
				9674BCC823C14459002B5FB5 /* ViewController.swift in Sources */,
				9674BCC423C14459002B5FB5 /* AppDelegate.swift in Sources */,
				9674BCC623C14459002B5FB5 /* SceneDelegate.swift in Sources */,
			);
			runOnlyForDeploymentPostprocessing = 0;
		};
/* End PBXSourcesBuildPhase section */

/* Begin PBXVariantGroup section */
		9674BCC923C14459002B5FB5 /* Main.storyboard */ = {
			isa = PBXVariantGroup;
			children = (
				9674BCCA23C14459002B5FB5 /* Base */,
			);
			name = Main.storyboard;
			sourceTree = "<group>";
		};
		9674BCCE23C1445A002B5FB5 /* LaunchScreen.storyboard */ = {
			isa = PBXVariantGroup;
			children = (
				9674BCCF23C1445A002B5FB5 /* Base */,
			);
			name = LaunchScreen.storyboard;
			sourceTree = "<group>";
		};
/* End PBXVariantGroup section */

/* Begin XCBuildConfiguration section */
		9674BCD223C1445A002B5FB5 /* Debug */ = {
			isa = XCBuildConfiguration;
			buildSettings = {
				ALWAYS_SEARCH_USER_PATHS = NO;
				CLANG_ANALYZER_NONNULL = YES;
				CLANG_ANALYZER_NUMBER_OBJECT_CONVERSION = YES_AGGRESSIVE;
				CLANG_CXX_LANGUAGE_STANDARD = "gnu++14";
				CLANG_CXX_LIBRARY = "libc++";
				CLANG_ENABLE_MODULES = YES;
				CLANG_ENABLE_OBJC_ARC = YES;
				CLANG_ENABLE_OBJC_WEAK = YES;
				CLANG_WARN_BLOCK_CAPTURE_AUTORELEASING = YES;
				CLANG_WARN_BOOL_CONVERSION = YES;
				CLANG_WARN_COMMA = YES;
				CLANG_WARN_CONSTANT_CONVERSION = YES;
				CLANG_WARN_DEPRECATED_OBJC_IMPLEMENTATIONS = YES;
				CLANG_WARN_DIRECT_OBJC_ISA_USAGE = YES_ERROR;
				CLANG_WARN_DOCUMENTATION_COMMENTS = YES;
				CLANG_WARN_EMPTY_BODY = YES;
				CLANG_WARN_ENUM_CONVERSION = YES;
				CLANG_WARN_INFINITE_RECURSION = YES;
				CLANG_WARN_INT_CONVERSION = YES;
				CLANG_WARN_NON_LITERAL_NULL_CONVERSION = YES;
				CLANG_WARN_OBJC_IMPLICIT_RETAIN_SELF = YES;
				CLANG_WARN_OBJC_LITERAL_CONVERSION = YES;
				CLANG_WARN_OBJC_ROOT_CLASS = YES_ERROR;
				CLANG_WARN_RANGE_LOOP_ANALYSIS = YES;
				CLANG_WARN_STRICT_PROTOTYPES = YES;
				CLANG_WARN_SUSPICIOUS_MOVE = YES;
				CLANG_WARN_UNGUARDED_AVAILABILITY = YES_AGGRESSIVE;
				CLANG_WARN_UNREACHABLE_CODE = YES;
				CLANG_WARN__DUPLICATE_METHOD_MATCH = YES;
				COPY_PHASE_STRIP = NO;
				DEBUG_INFORMATION_FORMAT = dwarf;
				ENABLE_STRICT_OBJC_MSGSEND = YES;
				ENABLE_TESTABILITY = YES;
				GCC_C_LANGUAGE_STANDARD = gnu11;
				GCC_DYNAMIC_NO_PIC = NO;
				GCC_NO_COMMON_BLOCKS = YES;
				GCC_OPTIMIZATION_LEVEL = 0;
				GCC_PREPROCESSOR_DEFINITIONS = (
					"DEBUG=1",
					"$(inherited)",
				);
				GCC_WARN_64_TO_32_BIT_CONVERSION = YES;
				GCC_WARN_ABOUT_RETURN_TYPE = YES_ERROR;
				GCC_WARN_UNDECLARED_SELECTOR = YES;
				GCC_WARN_UNINITIALIZED_AUTOS = YES_AGGRESSIVE;
				GCC_WARN_UNUSED_FUNCTION = YES;
				GCC_WARN_UNUSED_VARIABLE = YES;
				IPHONEOS_DEPLOYMENT_TARGET = 12.0;
				MTL_ENABLE_DEBUG_INFO = INCLUDE_SOURCE;
				MTL_FAST_MATH = YES;
				ONLY_ACTIVE_ARCH = YES;
				SDKROOT = iphoneos;
				SWIFT_ACTIVE_COMPILATION_CONDITIONS = DEBUG;
				SWIFT_OPTIMIZATION_LEVEL = "-Onone";
			};
			name = Debug;
		};
		9674BCD323C1445A002B5FB5 /* Release */ = {
			isa = XCBuildConfiguration;
			buildSettings = {
				ALWAYS_SEARCH_USER_PATHS = NO;
				CLANG_ANALYZER_NONNULL = YES;
				CLANG_ANALYZER_NUMBER_OBJECT_CONVERSION = YES_AGGRESSIVE;
				CLANG_CXX_LANGUAGE_STANDARD = "gnu++14";
				CLANG_CXX_LIBRARY = "libc++";
				CLANG_ENABLE_MODULES = YES;
				CLANG_ENABLE_OBJC_ARC = YES;
				CLANG_ENABLE_OBJC_WEAK = YES;
				CLANG_WARN_BLOCK_CAPTURE_AUTORELEASING = YES;
				CLANG_WARN_BOOL_CONVERSION = YES;
				CLANG_WARN_COMMA = YES;
				CLANG_WARN_CONSTANT_CONVERSION = YES;
				CLANG_WARN_DEPRECATED_OBJC_IMPLEMENTATIONS = YES;
				CLANG_WARN_DIRECT_OBJC_ISA_USAGE = YES_ERROR;
				CLANG_WARN_DOCUMENTATION_COMMENTS = YES;
				CLANG_WARN_EMPTY_BODY = YES;
				CLANG_WARN_ENUM_CONVERSION = YES;
				CLANG_WARN_INFINITE_RECURSION = YES;
				CLANG_WARN_INT_CONVERSION = YES;
				CLANG_WARN_NON_LITERAL_NULL_CONVERSION = YES;
				CLANG_WARN_OBJC_IMPLICIT_RETAIN_SELF = YES;
				CLANG_WARN_OBJC_LITERAL_CONVERSION = YES;
				CLANG_WARN_OBJC_ROOT_CLASS = YES_ERROR;
				CLANG_WARN_RANGE_LOOP_ANALYSIS = YES;
				CLANG_WARN_STRICT_PROTOTYPES = YES;
				CLANG_WARN_SUSPICIOUS_MOVE = YES;
				CLANG_WARN_UNGUARDED_AVAILABILITY = YES_AGGRESSIVE;
				CLANG_WARN_UNREACHABLE_CODE = YES;
				CLANG_WARN__DUPLICATE_METHOD_MATCH = YES;
				COPY_PHASE_STRIP = NO;
				DEBUG_INFORMATION_FORMAT = "dwarf-with-dsym";
				ENABLE_NS_ASSERTIONS = NO;
				ENABLE_STRICT_OBJC_MSGSEND = YES;
				GCC_C_LANGUAGE_STANDARD = gnu11;
				GCC_NO_COMMON_BLOCKS = YES;
				GCC_WARN_64_TO_32_BIT_CONVERSION = YES;
				GCC_WARN_ABOUT_RETURN_TYPE = YES_ERROR;
				GCC_WARN_UNDECLARED_SELECTOR = YES;
				GCC_WARN_UNINITIALIZED_AUTOS = YES_AGGRESSIVE;
				GCC_WARN_UNUSED_FUNCTION = YES;
				GCC_WARN_UNUSED_VARIABLE = YES;
				IPHONEOS_DEPLOYMENT_TARGET = 12.0;
				MTL_ENABLE_DEBUG_INFO = NO;
				MTL_FAST_MATH = YES;
				SDKROOT = iphoneos;
				SWIFT_COMPILATION_MODE = wholemodule;
				SWIFT_OPTIMIZATION_LEVEL = "-O";
				VALIDATE_PRODUCT = YES;
			};
			name = Release;
		};
		9674BCD523C1445A002B5FB5 /* Debug */ = {
			isa = XCBuildConfiguration;
			baseConfigurationReference = 91700A1132A64F966ABEC114 /* Pods-GetLaidDevIOS.debug.xcconfig */;
			buildSettings = {
				ASSETCATALOG_COMPILER_APPICON_NAME = AppIcon;
				CODE_SIGN_STYLE = Automatic;
				DEVELOPMENT_TEAM = 8T3R57GCBV;
				INFOPLIST_FILE = GetLaidDevIOS/Info.plist;
				LD_RUNPATH_SEARCH_PATHS = (
					"$(inherited)",
					"@executable_path/Frameworks",
				);
				PRODUCT_BUNDLE_IDENTIFIER = com.flowtoolz.GetLaidDevIOS;
				PRODUCT_NAME = "$(TARGET_NAME)";
				SWIFT_VERSION = 5.0;
				TARGETED_DEVICE_FAMILY = "1,2";
			};
			name = Debug;
		};
		9674BCD623C1445A002B5FB5 /* Release */ = {
			isa = XCBuildConfiguration;
			baseConfigurationReference = E24E3A76201650032B0F5114 /* Pods-GetLaidDevIOS.release.xcconfig */;
			buildSettings = {
				ASSETCATALOG_COMPILER_APPICON_NAME = AppIcon;
				CODE_SIGN_STYLE = Automatic;
				DEVELOPMENT_TEAM = 8T3R57GCBV;
				INFOPLIST_FILE = GetLaidDevIOS/Info.plist;
				LD_RUNPATH_SEARCH_PATHS = (
					"$(inherited)",
					"@executable_path/Frameworks",
				);
				PRODUCT_BUNDLE_IDENTIFIER = com.flowtoolz.GetLaidDevIOS;
				PRODUCT_NAME = "$(TARGET_NAME)";
				SWIFT_VERSION = 5.0;
				TARGETED_DEVICE_FAMILY = "1,2";
			};
			name = Release;
		};
/* End XCBuildConfiguration section */

/* Begin XCConfigurationList section */
		9674BCBB23C14459002B5FB5 /* Build configuration list for PBXProject "GetLaidDevIOS" */ = {
			isa = XCConfigurationList;
			buildConfigurations = (
				9674BCD223C1445A002B5FB5 /* Debug */,
				9674BCD323C1445A002B5FB5 /* Release */,
			);
			defaultConfigurationIsVisible = 0;
			defaultConfigurationName = Release;
		};
		9674BCD423C1445A002B5FB5 /* Build configuration list for PBXNativeTarget "GetLaidDevIOS" */ = {
			isa = XCConfigurationList;
			buildConfigurations = (
				9674BCD523C1445A002B5FB5 /* Debug */,
				9674BCD623C1445A002B5FB5 /* Release */,
			);
			defaultConfigurationIsVisible = 0;
			defaultConfigurationName = Release;
		};
/* End XCConfigurationList section */
	};
	rootObject = 9674BCB823C14459002B5FB5 /* Project object */;
}
